
Microsoft Visual Studio Solution File, Format Version 11.00
# Visual Studio 2010
Project("{FAE04EC0-301F-11D3-BF4B-00C04F79EFBC}") = "LittleBraces", "LittleBraces\LittleBraces.csproj", "{ED1CE512-5D11-41A6-B9BA-E7186EBF61E4}"
EndProject
Global
	GlobalSection(SolutionConfigurationPlatforms) = preSolution
		Debug|Any CPU = Debug|Any CPU
		Release|Any CPU = Release|Any CPU
	EndGlobalSection
	GlobalSection(ProjectConfigurationPlatforms) = postSolution
		{ED1CE512-5D11-41A6-B9BA-E7186EBF61E4}.Debug|Any CPU.ActiveCfg = Debug|Any CPU
		{ED1CE512-5D11-41A6-B9BA-E7186EBF61E4}.Debug|Any CPU.Build.0 = Debug|Any CPU
		{ED1CE512-5D11-41A6-B9BA-E7186EBF61E4}.Release|Any CPU.ActiveCfg = Release|Any CPU
		{ED1CE512-5D11-41A6-B9BA-E7186EBF61E4}.Release|Any CPU.Build.0 = Release|Any CPU
	EndGlobalSection
	GlobalSection(SolutionProperties) = preSolution
		HideSolutionNode = FALSE
	EndGlobalSection
EndGlobal
